
Microsoft Visual Studio Solution File, Format Version 12.00
# Visual Studio Version 16
VisualStudioVersion = 16.0.29613.14
MinimumVisualStudioVersion = 10.0.40219.1
Project("{FAE04EC0-301F-11D3-BF4B-00C04F79EFBC}") = "Task1", "Task1.csproj", "{F885250E-A7EC-49B7-A296-0C83CE24A57B}"
EndProject
Global
	GlobalSection(SolutionConfigurationPlatforms) = preSolution
		Debug|Any CPU = Debug|Any CPU
		Release|Any CPU = Release|Any CPU
	EndGlobalSection
	GlobalSection(ProjectConfigurationPlatforms) = postSolution
		{F885250E-A7EC-49B7-A296-0C83CE24A57B}.Debug|Any CPU.ActiveCfg = Debug|Any CPU
		{F885250E-A7EC-49B7-A296-0C83CE24A57B}.Debug|Any CPU.Build.0 = Debug|Any CPU
		{F885250E-A7EC-49B7-A296-0C83CE24A57B}.Release|Any CPU.ActiveCfg = Release|Any CPU
		{F885250E-A7EC-49B7-A296-0C83CE24A57B}.Release|Any CPU.Build.0 = Release|Any CPU
	EndGlobalSection
	GlobalSection(SolutionProperties) = preSolution
		HideSolutionNode = FALSE
	EndGlobalSection
	GlobalSection(ExtensibilityGlobals) = postSolution
		SolutionGuid = {7C4A465A-438D-4C97-A44E-E6DC053F96CA}
	EndGlobalSection
EndGlobal
